// !$*UTF8*$!
{
	archiveVersion = 1;
	classes = {
	};
	objectVersion = 56;
	objects = {

/* Begin PBXBuildFile section */
		18963DB12C61D84A0063B76A /* AppDelegate.swift in Sources */ = {isa = PBXBuildFile; fileRef = 18963DB02C61D84A0063B76A /* AppDelegate.swift */; };
		18963DB32C61D84A0063B76A /* SceneDelegate.swift in Sources */ = {isa = PBXBuildFile; fileRef = 18963DB22C61D84A0063B76A /* SceneDelegate.swift */; };
		18963DB52C61D84A0063B76A /* ViewController.swift in Sources */ = {isa = PBXBuildFile; fileRef = 18963DB42C61D84A0063B76A /* ViewController.swift */; };
		18963DB82C61D84A0063B76A /* Base in Resources */ = {isa = PBXBuildFile; fileRef = 18963DB72C61D84A0063B76A /* Base */; };
		18963DBA2C61D84D0063B76A /* Assets.xcassets in Resources */ = {isa = PBXBuildFile; fileRef = 18963DB92C61D84D0063B76A /* Assets.xcassets */; };
		18963DBD2C61D84D0063B76A /* Base in Resources */ = {isa = PBXBuildFile; fileRef = 18963DBC2C61D84D0063B76A /* Base */; };
		18963DC52C61D9980063B76A /* Contact.swift in Sources */ = {isa = PBXBuildFile; fileRef = 18963DC42C61D9980063B76A /* Contact.swift */; };
		18963DCA2C61DAD50063B76A /* ContactViewModel.swift in Sources */ = {isa = PBXBuildFile; fileRef = 18963DC92C61DAD50063B76A /* ContactViewModel.swift */; };
		18963DCC2C6208490063B76A /* ContactTableViewCell.swift in Sources */ = {isa = PBXBuildFile; fileRef = 18963DCB2C6208490063B76A /* ContactTableViewCell.swift */; };
/* End PBXBuildFile section */

/* Begin PBXFileReference section */
		18963DAD2C61D84A0063B76A /* SwiftTestRepo.app */ = {isa = PBXFileReference; explicitFileType = wrapper.application; includeInIndex = 0; path = SwiftTestRepo.app; sourceTree = BUILT_PRODUCTS_DIR; };
		18963DB02C61D84A0063B76A /* AppDelegate.swift */ = {isa = PBXFileReference; lastKnownFileType = sourcecode.swift; path = AppDelegate.swift; sourceTree = "<group>"; };
		18963DB22C61D84A0063B76A /* SceneDelegate.swift */ = {isa = PBXFileReference; lastKnownFileType = sourcecode.swift; path = SceneDelegate.swift; sourceTree = "<group>"; };
		18963DB42C61D84A0063B76A /* ViewController.swift */ = {isa = PBXFileReference; lastKnownFileType = sourcecode.swift; path = ViewController.swift; sourceTree = "<group>"; };
		18963DB72C61D84A0063B76A /* Base */ = {isa = PBXFileReference; lastKnownFileType = file.storyboard; name = Base; path = Base.lproj/Main.storyboard; sourceTree = "<group>"; };
		18963DB92C61D84D0063B76A /* Assets.xcassets */ = {isa = PBXFileReference; lastKnownFileType = folder.assetcatalog; path = Assets.xcassets; sourceTree = "<group>"; };
		18963DBC2C61D84D0063B76A /* Base */ = {isa = PBXFileReference; lastKnownFileType = file.storyboard; name = Base; path = Base.lproj/LaunchScreen.storyboard; sourceTree = "<group>"; };
		18963DBE2C61D84D0063B76A /* Info.plist */ = {isa = PBXFileReference; lastKnownFileType = text.plist.xml; path = Info.plist; sourceTree = "<group>"; };
		18963DC42C61D9980063B76A /* Contact.swift */ = {isa = PBXFileReference; lastKnownFileType = sourcecode.swift; path = Contact.swift; sourceTree = "<group>"; };
		18963DC92C61DAD50063B76A /* ContactViewModel.swift */ = {isa = PBXFileReference; lastKnownFileType = sourcecode.swift; path = ContactViewModel.swift; sourceTree = "<group>"; };
		18963DCB2C6208490063B76A /* ContactTableViewCell.swift */ = {isa = PBXFileReference; lastKnownFileType = sourcecode.swift; path = ContactTableViewCell.swift; sourceTree = "<group>"; };
/* End PBXFileReference section */

/* Begin PBXFrameworksBuildPhase section */
		18963DAA2C61D84A0063B76A /* Frameworks */ = {
			isa = PBXFrameworksBuildPhase;
			buildActionMask = 2147483647;
			files = (
			);
			runOnlyForDeploymentPostprocessing = 0;
		};
/* End PBXFrameworksBuildPhase section */

/* Begin PBXGroup section */
		18963DA42C61D84A0063B76A = {
			isa = PBXGroup;
			children = (
				18963DAF2C61D84A0063B76A /* SwiftTestRepo */,
				18963DAE2C61D84A0063B76A /* Products */,
			);
			sourceTree = "<group>";
		};
		18963DAE2C61D84A0063B76A /* Products */ = {
			isa = PBXGroup;
			children = (
				18963DAD2C61D84A0063B76A /* SwiftTestRepo.app */,
			);
			name = Products;
			sourceTree = "<group>";
		};
		18963DAF2C61D84A0063B76A /* SwiftTestRepo */ = {
			isa = PBXGroup;
			children = (
				18963DB02C61D84A0063B76A /* AppDelegate.swift */,
				18963DB22C61D84A0063B76A /* SceneDelegate.swift */,
				18963DC62C61D9D80063B76A /* Model */,
				18963DC72C61D9E90063B76A /* View */,
				18963DC82C61DA140063B76A /* ViewModel */,
				18963DB62C61D84A0063B76A /* Main.storyboard */,
				18963DB92C61D84D0063B76A /* Assets.xcassets */,
				18963DBB2C61D84D0063B76A /* LaunchScreen.storyboard */,
				18963DBE2C61D84D0063B76A /* Info.plist */,
			);
			path = SwiftTestRepo;
			sourceTree = "<group>";
		};
		18963DC62C61D9D80063B76A /* Model */ = {
			isa = PBXGroup;
			children = (
				18963DC42C61D9980063B76A /* Contact.swift */,
			);
			path = Model;
			sourceTree = "<group>";
		};
		18963DC72C61D9E90063B76A /* View */ = {
			isa = PBXGroup;
			children = (
				18963DB42C61D84A0063B76A /* ViewController.swift */,
				18963DCB2C6208490063B76A /* ContactTableViewCell.swift */,
			);
			path = View;
			sourceTree = "<group>";
		};
		18963DC82C61DA140063B76A /* ViewModel */ = {
			isa = PBXGroup;
			children = (
				18963DC92C61DAD50063B76A /* ContactViewModel.swift */,
			);
			path = ViewModel;
			sourceTree = "<group>";
		};
/* End PBXGroup section */

/* Begin PBXNativeTarget section */
		18963DAC2C61D84A0063B76A /* SwiftTestRepo */ = {
			isa = PBXNativeTarget;
			buildConfigurationList = 18963DC12C61D84D0063B76A /* Build configuration list for PBXNativeTarget "SwiftTestRepo" */;
			buildPhases = (
				18963DA92C61D84A0063B76A /* Sources */,
				18963DAA2C61D84A0063B76A /* Frameworks */,
				18963DAB2C61D84A0063B76A /* Resources */,
			);
			buildRules = (
			);
			dependencies = (
			);
			name = SwiftTestRepo;
			productName = SwiftTestRepo;
			productReference = 18963DAD2C61D84A0063B76A /* SwiftTestRepo.app */;
			productType = "com.apple.product-type.application";
		};
/* End PBXNativeTarget section */

/* Begin PBXProject section */
		18963DA52C61D84A0063B76A /* Project object */ = {
			isa = PBXProject;
			attributes = {
				BuildIndependentTargetsInParallel = 1;
				LastSwiftUpdateCheck = 1540;
				LastUpgradeCheck = 1540;
				TargetAttributes = {
					18963DAC2C61D84A0063B76A = {
						CreatedOnToolsVersion = 15.4;
					};
				};
			};
			buildConfigurationList = 18963DA82C61D84A0063B76A /* Build configuration list for PBXProject "SwiftTestRepo" */;
			compatibilityVersion = "Xcode 14.0";
			developmentRegion = en;
			hasScannedForEncodings = 0;
			knownRegions = (
				en,
				Base,
			);
			mainGroup = 18963DA42C61D84A0063B76A;
			productRefGroup = 18963DAE2C61D84A0063B76A /* Products */;
			projectDirPath = "";
			projectRoot = "";
			targets = (
				18963DAC2C61D84A0063B76A /* SwiftTestRepo */,
			);
		};
/* End PBXProject section */

/* Begin PBXResourcesBuildPhase section */
		18963DAB2C61D84A0063B76A /* Resources */ = {
			isa = PBXResourcesBuildPhase;
			buildActionMask = 2147483647;
			files = (
				18963DBA2C61D84D0063B76A /* Assets.xcassets in Resources */,
				18963DBD2C61D84D0063B76A /* Base in Resources */,
				18963DB82C61D84A0063B76A /* Base in Resources */,
			);
			runOnlyForDeploymentPostprocessing = 0;
		};
/* End PBXResourcesBuildPhase section */

/* Begin PBXSourcesBuildPhase section */
		18963DA92C61D84A0063B76A /* Sources */ = {
			isa = PBXSourcesBuildPhase;
			buildActionMask = 2147483647;
			files = (
				18963DCC2C6208490063B76A /* ContactTableViewCell.swift in Sources */,
				18963DC52C61D9980063B76A /* Contact.swift in Sources */,
				18963DB52C61D84A0063B76A /* ViewController.swift in Sources */,
				18963DCA2C61DAD50063B76A /* ContactViewModel.swift in Sources */,
				18963DB12C61D84A0063B76A /* AppDelegate.swift in Sources */,
				18963DB32C61D84A0063B76A /* SceneDelegate.swift in Sources */,
			);
			runOnlyForDeploymentPostprocessing = 0;
		};
/* End PBXSourcesBuildPhase section */

/* Begin PBXVariantGroup section */
		18963DB62C61D84A0063B76A /* Main.storyboard */ = {
			isa = PBXVariantGroup;
			children = (
				18963DB72C61D84A0063B76A /* Base */,
			);
			name = Main.storyboard;
			sourceTree = "<group>";
		};
		18963DBB2C61D84D0063B76A /* LaunchScreen.storyboard */ = {
			isa = PBXVariantGroup;
			children = (
				18963DBC2C61D84D0063B76A /* Base */,
			);
			name = LaunchScreen.storyboard;
			sourceTree = "<group>";
		};
/* End PBXVariantGroup section */

/* Begin XCBuildConfiguration section */
		18963DBF2C61D84D0063B76A /* Debug */ = {
			isa = XCBuildConfiguration;
			buildSettings = {
				ALWAYS_SEARCH_USER_PATHS = NO;
				ASSETCATALOG_COMPILER_GENERATE_SWIFT_ASSET_SYMBOL_EXTENSIONS = YES;
				CLANG_ANALYZER_NONNULL = YES;
				CLANG_ANALYZER_NUMBER_OBJECT_CONVERSION = YES_AGGRESSIVE;
				CLANG_CXX_LANGUAGE_STANDARD = "gnu++20";
				CLANG_ENABLE_MODULES = YES;
				CLANG_ENABLE_OBJC_ARC = YES;
				CLANG_ENABLE_OBJC_WEAK = YES;
				CLANG_WARN_BLOCK_CAPTURE_AUTORELEASING = YES;
				CLANG_WARN_BOOL_CONVERSION = YES;
				CLANG_WARN_COMMA = YES;
				CLANG_WARN_CONSTANT_CONVERSION = YES;
				CLANG_WARN_DEPRECATED_OBJC_IMPLEMENTATIONS = YES;
				CLANG_WARN_DIRECT_OBJC_ISA_USAGE = YES_ERROR;
				CLANG_WARN_DOCUMENTATION_COMMENTS = YES;
				CLANG_WARN_EMPTY_BODY = YES;
				CLANG_WARN_ENUM_CONVERSION = YES;
				CLANG_WARN_INFINITE_RECURSION = YES;
				CLANG_WARN_INT_CONVERSION = YES;
				CLANG_WARN_NON_LITERAL_NULL_CONVERSION = YES;
				CLANG_WARN_OBJC_IMPLICIT_RETAIN_SELF = YES;
				CLANG_WARN_OBJC_LITERAL_CONVERSION = YES;
				CLANG_WARN_OBJC_ROOT_CLASS = YES_ERROR;
				CLANG_WARN_QUOTED_INCLUDE_IN_FRAMEWORK_HEADER = YES;
				CLANG_WARN_RANGE_LOOP_ANALYSIS = YES;
				CLANG_WARN_STRICT_PROTOTYPES = YES;
				CLANG_WARN_SUSPICIOUS_MOVE = YES;
				CLANG_WARN_UNGUARDED_AVAILABILITY = YES_AGGRESSIVE;
				CLANG_WARN_UNREACHABLE_CODE = YES;
				CLANG_WARN__DUPLICATE_METHOD_MATCH = YES;
				COPY_PHASE_STRIP = NO;
				DEBUG_INFORMATION_FORMAT = dwarf;
				ENABLE_STRICT_OBJC_MSGSEND = YES;
				ENABLE_TESTABILITY = YES;
				ENABLE_USER_SCRIPT_SANDBOXING = YES;
				GCC_C_LANGUAGE_STANDARD = gnu17;
				GCC_DYNAMIC_NO_PIC = NO;
				GCC_NO_COMMON_BLOCKS = YES;
				GCC_OPTIMIZATION_LEVEL = 0;
				GCC_PREPROCESSOR_DEFINITIONS = (
					"DEBUG=1",
					"$(inherited)",
				);
				GCC_WARN_64_TO_32_BIT_CONVERSION = YES;
				GCC_WARN_ABOUT_RETURN_TYPE = YES_ERROR;
				GCC_WARN_UNDECLARED_SELECTOR = YES;
				GCC_WARN_UNINITIALIZED_AUTOS = YES_AGGRESSIVE;
				GCC_WARN_UNUSED_FUNCTION = YES;
				GCC_WARN_UNUSED_VARIABLE = YES;
				IPHONEOS_DEPLOYMENT_TARGET = 17.5;
				LOCALIZATION_PREFERS_STRING_CATALOGS = YES;
				MTL_ENABLE_DEBUG_INFO = INCLUDE_SOURCE;
				MTL_FAST_MATH = YES;
				ONLY_ACTIVE_ARCH = YES;
				SDKROOT = iphoneos;
				SWIFT_ACTIVE_COMPILATION_CONDITIONS = "DEBUG $(inherited)";
				SWIFT_OPTIMIZATION_LEVEL = "-Onone";
			};
			name = Debug;
		};
		18963DC02C61D84D0063B76A /* Release */ = {
			isa = XCBuildConfiguration;
			buildSettings = {
				ALWAYS_SEARCH_USER_PATHS = NO;
				ASSETCATALOG_COMPILER_GENERATE_SWIFT_ASSET_SYMBOL_EXTENSIONS = YES;
				CLANG_ANALYZER_NONNULL = YES;
				CLANG_ANALYZER_NUMBER_OBJECT_CONVERSION = YES_AGGRESSIVE;
				CLANG_CXX_LANGUAGE_STANDARD = "gnu++20";
				CLANG_ENABLE_MODULES = YES;
				CLANG_ENABLE_OBJC_ARC = YES;
				CLANG_ENABLE_OBJC_WEAK = YES;
				CLANG_WARN_BLOCK_CAPTURE_AUTORELEASING = YES;
				CLANG_WARN_BOOL_CONVERSION = YES;
				CLANG_WARN_COMMA = YES;
				CLANG_WARN_CONSTANT_CONVERSION = YES;
				CLANG_WARN_DEPRECATED_OBJC_IMPLEMENTATIONS = YES;
				CLANG_WARN_DIRECT_OBJC_ISA_USAGE = YES_ERROR;
				CLANG_WARN_DOCUMENTATION_COMMENTS = YES;
				CLANG_WARN_EMPTY_BODY = YES;
				CLANG_WARN_ENUM_CONVERSION = YES;
				CLANG_WARN_INFINITE_RECURSION = YES;
				CLANG_WARN_INT_CONVERSION = YES;
				CLANG_WARN_NON_LITERAL_NULL_CONVERSION = YES;
				CLANG_WARN_OBJC_IMPLICIT_RETAIN_SELF = YES;
				CLANG_WARN_OBJC_LITERAL_CONVERSION = YES;
				CLANG_WARN_OBJC_ROOT_CLASS = YES_ERROR;
				CLANG_WARN_QUOTED_INCLUDE_IN_FRAMEWORK_HEADER = YES;
				CLANG_WARN_RANGE_LOOP_ANALYSIS = YES;
				CLANG_WARN_STRICT_PROTOTYPES = YES;
				CLANG_WARN_SUSPICIOUS_MOVE = YES;
				CLANG_WARN_UNGUARDED_AVAILABILITY = YES_AGGRESSIVE;
				CLANG_WARN_UNREACHABLE_CODE = YES;
				CLANG_WARN__DUPLICATE_METHOD_MATCH = YES;
				COPY_PHASE_STRIP = NO;
				DEBUG_INFORMATION_FORMAT = "dwarf-with-dsym";
				ENABLE_NS_ASSERTIONS = NO;
				ENABLE_STRICT_OBJC_MSGSEND = YES;
				ENABLE_USER_SCRIPT_SANDBOXING = YES;
				GCC_C_LANGUAGE_STANDARD = gnu17;
				GCC_NO_COMMON_BLOCKS = YES;
				GCC_WARN_64_TO_32_BIT_CONVERSION = YES;
				GCC_WARN_ABOUT_RETURN_TYPE = YES_ERROR;
				GCC_WARN_UNDECLARED_SELECTOR = YES;
				GCC_WARN_UNINITIALIZED_AUTOS = YES_AGGRESSIVE;
				GCC_WARN_UNUSED_FUNCTION = YES;
				GCC_WARN_UNUSED_VARIABLE = YES;
				IPHONEOS_DEPLOYMENT_TARGET = 17.5;
				LOCALIZATION_PREFERS_STRING_CATALOGS = YES;
				MTL_ENABLE_DEBUG_INFO = NO;
				MTL_FAST_MATH = YES;
				SDKROOT = iphoneos;
				SWIFT_COMPILATION_MODE = wholemodule;
				VALIDATE_PRODUCT = YES;
			};
			name = Release;
		};
		18963DC22C61D84D0063B76A /* Debug */ = {
			isa = XCBuildConfiguration;
			buildSettings = {
				ASSETCATALOG_COMPILER_APPICON_NAME = AppIcon;
				ASSETCATALOG_COMPILER_GLOBAL_ACCENT_COLOR_NAME = AccentColor;
				CODE_SIGN_STYLE = Automatic;
				CURRENT_PROJECT_VERSION = 1;
				GENERATE_INFOPLIST_FILE = YES;
				INFOPLIST_FILE = SwiftTestRepo/Info.plist;
				INFOPLIST_KEY_UIApplicationSupportsIndirectInputEvents = YES;
				INFOPLIST_KEY_UILaunchStoryboardName = LaunchScreen;
				INFOPLIST_KEY_UIMainStoryboardFile = Main;
				INFOPLIST_KEY_UISupportedInterfaceOrientations_iPad = "UIInterfaceOrientationPortrait UIInterfaceOrientationPortraitUpsideDown UIInterfaceOrientationLandscapeLeft UIInterfaceOrientationLandscapeRight";
				INFOPLIST_KEY_UISupportedInterfaceOrientations_iPhone = "UIInterfaceOrientationPortrait UIInterfaceOrientationLandscapeLeft UIInterfaceOrientationLandscapeRight";
				LD_RUNPATH_SEARCH_PATHS = (
					"$(inherited)",
					"@executable_path/Frameworks",
				);
				MARKETING_VERSION = 1.0;
				PRODUCT_BUNDLE_IDENTIFIER = "-praveen.com.SwiftTestRepo";
				PRODUCT_NAME = "$(TARGET_NAME)";
				SWIFT_EMIT_LOC_STRINGS = YES;
				SWIFT_VERSION = 5.0;
				TARGETED_DEVICE_FAMILY = "1,2";
			};
			name = Debug;
		};
		18963DC32C61D84D0063B76A /* Release */ = {
			isa = XCBuildConfiguration;
			buildSettings = {
				ASSETCATALOG_COMPILER_APPICON_NAME = AppIcon;
				ASSETCATALOG_COMPILER_GLOBAL_ACCENT_COLOR_NAME = AccentColor;
				CODE_SIGN_STYLE = Automatic;
				CURRENT_PROJECT_VERSION = 1;
				GENERATE_INFOPLIST_FILE = YES;
				INFOPLIST_FILE = SwiftTestRepo/Info.plist;
				INFOPLIST_KEY_UIApplicationSupportsIndirectInputEvents = YES;
				INFOPLIST_KEY_UILaunchStoryboardName = LaunchScreen;
				INFOPLIST_KEY_UIMainStoryboardFile = Main;
				INFOPLIST_KEY_UISupportedInterfaceOrientations_iPad = "UIInterfaceOrientationPortrait UIInterfaceOrientationPortraitUpsideDown UIInterfaceOrientationLandscapeLeft UIInterfaceOrientationLandscapeRight";
				INFOPLIST_KEY_UISupportedInterfaceOrientations_iPhone = "UIInterfaceOrientationPortrait UIInterfaceOrientationLandscapeLeft UIInterfaceOrientationLandscapeRight";
				LD_RUNPATH_SEARCH_PATHS = (
					"$(inherited)",
					"@executable_path/Frameworks",
				);
				MARKETING_VERSION = 1.0;
				PRODUCT_BUNDLE_IDENTIFIER = "-praveen.com.SwiftTestRepo";
				PRODUCT_NAME = "$(TARGET_NAME)";
				SWIFT_EMIT_LOC_STRINGS = YES;
				SWIFT_VERSION = 5.0;
				TARGETED_DEVICE_FAMILY = "1,2";
			};
			name = Release;
		};
/* End XCBuildConfiguration section */

/* Begin XCConfigurationList section */
		18963DA82C61D84A0063B76A /* Build configuration list for PBXProject "SwiftTestRepo" */ = {
			isa = XCConfigurationList;
			buildConfigurations = (
				18963DBF2C61D84D0063B76A /* Debug */,
				18963DC02C61D84D0063B76A /* Release */,
			);
			defaultConfigurationIsVisible = 0;
			defaultConfigurationName = Release;
		};
		18963DC12C61D84D0063B76A /* Build configuration list for PBXNativeTarget "SwiftTestRepo" */ = {
			isa = XCConfigurationList;
			buildConfigurations = (
				18963DC22C61D84D0063B76A /* Debug */,
				18963DC32C61D84D0063B76A /* Release */,
			);
			defaultConfigurationIsVisible = 0;
			defaultConfigurationName = Release;
		};
/* End XCConfigurationList section */
	};
	rootObject = 18963DA52C61D84A0063B76A /* Project object */;
}
